// !$*UTF8*$!
{
	archiveVersion = 1;
	classes = {
	};
	objectVersion = 46;
	objects = {

/* Begin PBXBuildFile section */
		85DDCA301CFD20F4006A8520 /* main.m in Sources */ = {isa = PBXBuildFile; fileRef = 85DDCA2F1CFD20F4006A8520 /* main.m */; };
		85DDCA331CFD20F4006A8520 /* AppDelegate.m in Sources */ = {isa = PBXBuildFile; fileRef = 85DDCA321CFD20F4006A8520 /* AppDelegate.m */; };
		85DDCA361CFD20F4006A8520 /* GoT.xcdatamodeld in Sources */ = {isa = PBXBuildFile; fileRef = 85DDCA341CFD20F4006A8520 /* GoT.xcdatamodeld */; };
		85DDCA391CFD20F4006A8520 /* Start.m in Sources */ = {isa = PBXBuildFile; fileRef = 85DDCA381CFD20F4006A8520 /* Start.m */; };
		85DDCA3C1CFD20F4006A8520 /* Main.storyboard in Resources */ = {isa = PBXBuildFile; fileRef = 85DDCA3A1CFD20F4006A8520 /* Main.storyboard */; };
		85DDCA3E1CFD20F4006A8520 /* Images.xcassets in Resources */ = {isa = PBXBuildFile; fileRef = 85DDCA3D1CFD20F4006A8520 /* Images.xcassets */; };
		85DDCA411CFD20F4006A8520 /* LaunchScreen.xib in Resources */ = {isa = PBXBuildFile; fileRef = 85DDCA3F1CFD20F4006A8520 /* LaunchScreen.xib */; };
		85DDCA4D1CFD20F4006A8520 /* GoTTests.m in Sources */ = {isa = PBXBuildFile; fileRef = 85DDCA4C1CFD20F4006A8520 /* GoTTests.m */; };
/* End PBXBuildFile section */

/* Begin PBXContainerItemProxy section */
		85DDCA471CFD20F4006A8520 /* PBXContainerItemProxy */ = {
			isa = PBXContainerItemProxy;
			containerPortal = 85DDCA221CFD20F4006A8520 /* Project object */;
			proxyType = 1;
			remoteGlobalIDString = 85DDCA291CFD20F4006A8520;
			remoteInfo = GoT;
		};
/* End PBXContainerItemProxy section */

/* Begin PBXFileReference section */
		85DDCA2A1CFD20F4006A8520 /* GoT.app */ = {isa = PBXFileReference; explicitFileType = wrapper.application; includeInIndex = 0; path = GoT.app; sourceTree = BUILT_PRODUCTS_DIR; };
		85DDCA2E1CFD20F4006A8520 /* Info.plist */ = {isa = PBXFileReference; lastKnownFileType = text.plist.xml; path = Info.plist; sourceTree = "<group>"; };
		85DDCA2F1CFD20F4006A8520 /* main.m */ = {isa = PBXFileReference; lastKnownFileType = sourcecode.c.objc; path = main.m; sourceTree = "<group>"; };
		85DDCA311CFD20F4006A8520 /* AppDelegate.h */ = {isa = PBXFileReference; lastKnownFileType = sourcecode.c.h; path = AppDelegate.h; sourceTree = "<group>"; };
		85DDCA321CFD20F4006A8520 /* AppDelegate.m */ = {isa = PBXFileReference; lastKnownFileType = sourcecode.c.objc; path = AppDelegate.m; sourceTree = "<group>"; };
		85DDCA351CFD20F4006A8520 /* GoT.xcdatamodel */ = {isa = PBXFileReference; lastKnownFileType = wrapper.xcdatamodel; path = GoT.xcdatamodel; sourceTree = "<group>"; };
		85DDCA371CFD20F4006A8520 /* Start.h */ = {isa = PBXFileReference; lastKnownFileType = sourcecode.c.h; path = Start.h; sourceTree = "<group>"; };
		85DDCA381CFD20F4006A8520 /* Start.m */ = {isa = PBXFileReference; lastKnownFileType = sourcecode.c.objc; path = Start.m; sourceTree = "<group>"; };
		85DDCA3B1CFD20F4006A8520 /* Base */ = {isa = PBXFileReference; lastKnownFileType = file.storyboard; name = Base; path = Base.lproj/Main.storyboard; sourceTree = "<group>"; };
		85DDCA3D1CFD20F4006A8520 /* Images.xcassets */ = {isa = PBXFileReference; lastKnownFileType = folder.assetcatalog; path = Images.xcassets; sourceTree = "<group>"; };
		85DDCA401CFD20F4006A8520 /* Base */ = {isa = PBXFileReference; lastKnownFileType = file.xib; name = Base; path = Base.lproj/LaunchScreen.xib; sourceTree = "<group>"; };
		85DDCA461CFD20F4006A8520 /* GoTTests.xctest */ = {isa = PBXFileReference; explicitFileType = wrapper.cfbundle; includeInIndex = 0; path = GoTTests.xctest; sourceTree = BUILT_PRODUCTS_DIR; };
		85DDCA4B1CFD20F4006A8520 /* Info.plist */ = {isa = PBXFileReference; lastKnownFileType = text.plist.xml; path = Info.plist; sourceTree = "<group>"; };
		85DDCA4C1CFD20F4006A8520 /* GoTTests.m */ = {isa = PBXFileReference; lastKnownFileType = sourcecode.c.objc; path = GoTTests.m; sourceTree = "<group>"; };
/* End PBXFileReference section */

/* Begin PBXFrameworksBuildPhase section */
		85DDCA271CFD20F4006A8520 /* Frameworks */ = {
			isa = PBXFrameworksBuildPhase;
			buildActionMask = 2147483647;
			files = (
			);
			runOnlyForDeploymentPostprocessing = 0;
		};
		85DDCA431CFD20F4006A8520 /* Frameworks */ = {
			isa = PBXFrameworksBuildPhase;
			buildActionMask = 2147483647;
			files = (
			);
			runOnlyForDeploymentPostprocessing = 0;
		};
/* End PBXFrameworksBuildPhase section */

/* Begin PBXGroup section */
		85DDCA211CFD20F4006A8520 = {
			isa = PBXGroup;
			children = (
				85DDCA2C1CFD20F4006A8520 /* GoT */,
				85DDCA491CFD20F4006A8520 /* GoTTests */,
				85DDCA2B1CFD20F4006A8520 /* Products */,
			);
			sourceTree = "<group>";
		};
		85DDCA2B1CFD20F4006A8520 /* Products */ = {
			isa = PBXGroup;
			children = (
				85DDCA2A1CFD20F4006A8520 /* GoT.app */,
				85DDCA461CFD20F4006A8520 /* GoTTests.xctest */,
			);
			name = Products;
			sourceTree = "<group>";
		};
		85DDCA2C1CFD20F4006A8520 /* GoT */ = {
			isa = PBXGroup;
			children = (
				85DDCA571CFD2854006A8520 /* Main */,
				85DDCA561CFD283A006A8520 /* Controllers */,
				85DDCA3A1CFD20F4006A8520 /* Main.storyboard */,
				85DDCA3D1CFD20F4006A8520 /* Images.xcassets */,
				85DDCA3F1CFD20F4006A8520 /* LaunchScreen.xib */,
				85DDCA341CFD20F4006A8520 /* GoT.xcdatamodeld */,
				85DDCA2D1CFD20F4006A8520 /* Supporting Files */,
			);
			path = GoT;
			sourceTree = "<group>";
		};
		85DDCA2D1CFD20F4006A8520 /* Supporting Files */ = {
			isa = PBXGroup;
			children = (
				85DDCA2E1CFD20F4006A8520 /* Info.plist */,
				85DDCA2F1CFD20F4006A8520 /* main.m */,
			);
			name = "Supporting Files";
			sourceTree = "<group>";
		};
		85DDCA491CFD20F4006A8520 /* GoTTests */ = {
			isa = PBXGroup;
			children = (
				85DDCA4C1CFD20F4006A8520 /* GoTTests.m */,
				85DDCA4A1CFD20F4006A8520 /* Supporting Files */,
			);
			path = GoTTests;
			sourceTree = "<group>";
		};
		85DDCA4A1CFD20F4006A8520 /* Supporting Files */ = {
			isa = PBXGroup;
			children = (
				85DDCA4B1CFD20F4006A8520 /* Info.plist */,
			);
			name = "Supporting Files";
			sourceTree = "<group>";
		};
		85DDCA561CFD283A006A8520 /* Controllers */ = {
			isa = PBXGroup;
			children = (
				85DDCA371CFD20F4006A8520 /* Start.h */,
				85DDCA381CFD20F4006A8520 /* Start.m */,
			);
			name = Controllers;
			sourceTree = "<group>";
		};
		85DDCA571CFD2854006A8520 /* Main */ = {
			isa = PBXGroup;
			children = (
				85DDCA311CFD20F4006A8520 /* AppDelegate.h */,
				85DDCA321CFD20F4006A8520 /* AppDelegate.m */,
			);
			name = Main;
			sourceTree = "<group>";
		};
/* End PBXGroup section */

/* Begin PBXNativeTarget section */
		85DDCA291CFD20F4006A8520 /* GoT */ = {
			isa = PBXNativeTarget;
			buildConfigurationList = 85DDCA501CFD20F4006A8520 /* Build configuration list for PBXNativeTarget "GoT" */;
			buildPhases = (
				85DDCA261CFD20F4006A8520 /* Sources */,
				85DDCA271CFD20F4006A8520 /* Frameworks */,
				85DDCA281CFD20F4006A8520 /* Resources */,
			);
			buildRules = (
			);
			dependencies = (
			);
			name = GoT;
			productName = GoT;
			productReference = 85DDCA2A1CFD20F4006A8520 /* GoT.app */;
			productType = "com.apple.product-type.application";
		};
		85DDCA451CFD20F4006A8520 /* GoTTests */ = {
			isa = PBXNativeTarget;
			buildConfigurationList = 85DDCA531CFD20F4006A8520 /* Build configuration list for PBXNativeTarget "GoTTests" */;
			buildPhases = (
				85DDCA421CFD20F4006A8520 /* Sources */,
				85DDCA431CFD20F4006A8520 /* Frameworks */,
				85DDCA441CFD20F4006A8520 /* Resources */,
			);
			buildRules = (
			);
			dependencies = (
				85DDCA481CFD20F4006A8520 /* PBXTargetDependency */,
			);
			name = GoTTests;
			productName = GoTTests;
			productReference = 85DDCA461CFD20F4006A8520 /* GoTTests.xctest */;
			productType = "com.apple.product-type.bundle.unit-test";
		};
/* End PBXNativeTarget section */

/* Begin PBXProject section */
		85DDCA221CFD20F4006A8520 /* Project object */ = {
			isa = PBXProject;
			attributes = {
				LastUpgradeCheck = 0640;
				ORGANIZATIONNAME = "Brenda Iñiguez";
				TargetAttributes = {
					85DDCA291CFD20F4006A8520 = {
						CreatedOnToolsVersion = 6.4;
					};
					85DDCA451CFD20F4006A8520 = {
						CreatedOnToolsVersion = 6.4;
						TestTargetID = 85DDCA291CFD20F4006A8520;
					};
				};
			};
			buildConfigurationList = 85DDCA251CFD20F4006A8520 /* Build configuration list for PBXProject "GoT" */;
			compatibilityVersion = "Xcode 3.2";
			developmentRegion = English;
			hasScannedForEncodings = 0;
			knownRegions = (
				en,
				Base,
			);
			mainGroup = 85DDCA211CFD20F4006A8520;
			productRefGroup = 85DDCA2B1CFD20F4006A8520 /* Products */;
			projectDirPath = "";
			projectRoot = "";
			targets = (
				85DDCA291CFD20F4006A8520 /* GoT */,
				85DDCA451CFD20F4006A8520 /* GoTTests */,
			);
		};
/* End PBXProject section */

/* Begin PBXResourcesBuildPhase section */
		85DDCA281CFD20F4006A8520 /* Resources */ = {
			isa = PBXResourcesBuildPhase;
			buildActionMask = 2147483647;
			files = (
				85DDCA3C1CFD20F4006A8520 /* Main.storyboard in Resources */,
				85DDCA411CFD20F4006A8520 /* LaunchScreen.xib in Resources */,
				85DDCA3E1CFD20F4006A8520 /* Images.xcassets in Resources */,
			);
			runOnlyForDeploymentPostprocessing = 0;
		};
		85DDCA441CFD20F4006A8520 /* Resources */ = {
			isa = PBXResourcesBuildPhase;
			buildActionMask = 2147483647;
			files = (
			);
			runOnlyForDeploymentPostprocessing = 0;
		};
/* End PBXResourcesBuildPhase section */

/* Begin PBXSourcesBuildPhase section */
		85DDCA261CFD20F4006A8520 /* Sources */ = {
			isa = PBXSourcesBuildPhase;
			buildActionMask = 2147483647;
			files = (
				85DDCA331CFD20F4006A8520 /* AppDelegate.m in Sources */,
				85DDCA301CFD20F4006A8520 /* main.m in Sources */,
				85DDCA391CFD20F4006A8520 /* Start.m in Sources */,
				85DDCA361CFD20F4006A8520 /* GoT.xcdatamodeld in Sources */,
			);
			runOnlyForDeploymentPostprocessing = 0;
		};
		85DDCA421CFD20F4006A8520 /* Sources */ = {
			isa = PBXSourcesBuildPhase;
			buildActionMask = 2147483647;
			files = (
				85DDCA4D1CFD20F4006A8520 /* GoTTests.m in Sources */,
			);
			runOnlyForDeploymentPostprocessing = 0;
		};
/* End PBXSourcesBuildPhase section */

/* Begin PBXTargetDependency section */
		85DDCA481CFD20F4006A8520 /* PBXTargetDependency */ = {
			isa = PBXTargetDependency;
			target = 85DDCA291CFD20F4006A8520 /* GoT */;
			targetProxy = 85DDCA471CFD20F4006A8520 /* PBXContainerItemProxy */;
		};
/* End PBXTargetDependency section */

/* Begin PBXVariantGroup section */
		85DDCA3A1CFD20F4006A8520 /* Main.storyboard */ = {
			isa = PBXVariantGroup;
			children = (
				85DDCA3B1CFD20F4006A8520 /* Base */,
			);
			name = Main.storyboard;
			sourceTree = "<group>";
		};
		85DDCA3F1CFD20F4006A8520 /* LaunchScreen.xib */ = {
			isa = PBXVariantGroup;
			children = (
				85DDCA401CFD20F4006A8520 /* Base */,
			);
			name = LaunchScreen.xib;
			sourceTree = "<group>";
		};
/* End PBXVariantGroup section */

/* Begin XCBuildConfiguration section */
		85DDCA4E1CFD20F4006A8520 /* Debug */ = {
			isa = XCBuildConfiguration;
			buildSettings = {
				ALWAYS_SEARCH_USER_PATHS = NO;
				CLANG_CXX_LANGUAGE_STANDARD = "gnu++0x";
				CLANG_CXX_LIBRARY = "libc++";
				CLANG_ENABLE_MODULES = YES;
				CLANG_ENABLE_OBJC_ARC = YES;
				CLANG_WARN_BOOL_CONVERSION = YES;
				CLANG_WARN_CONSTANT_CONVERSION = YES;
				CLANG_WARN_DIRECT_OBJC_ISA_USAGE = YES_ERROR;
				CLANG_WARN_EMPTY_BODY = YES;
				CLANG_WARN_ENUM_CONVERSION = YES;
				CLANG_WARN_INT_CONVERSION = YES;
				CLANG_WARN_OBJC_ROOT_CLASS = YES_ERROR;
				CLANG_WARN_UNREACHABLE_CODE = YES;
				CLANG_WARN__DUPLICATE_METHOD_MATCH = YES;
				"CODE_SIGN_IDENTITY[sdk=iphoneos*]" = "iPhone Developer";
				COPY_PHASE_STRIP = NO;
				DEBUG_INFORMATION_FORMAT = "dwarf-with-dsym";
				ENABLE_STRICT_OBJC_MSGSEND = YES;
				GCC_C_LANGUAGE_STANDARD = gnu99;
				GCC_DYNAMIC_NO_PIC = NO;
				GCC_NO_COMMON_BLOCKS = YES;
				GCC_OPTIMIZATION_LEVEL = 0;
				GCC_PREPROCESSOR_DEFINITIONS = (
					"DEBUG=1",
					"$(inherited)",
				);
				GCC_SYMBOLS_PRIVATE_EXTERN = NO;
				GCC_WARN_64_TO_32_BIT_CONVERSION = YES;
				GCC_WARN_ABOUT_RETURN_TYPE = YES_ERROR;
				GCC_WARN_UNDECLARED_SELECTOR = YES;
				GCC_WARN_UNINITIALIZED_AUTOS = YES_AGGRESSIVE;
				GCC_WARN_UNUSED_FUNCTION = YES;
				GCC_WARN_UNUSED_VARIABLE = YES;
				IPHONEOS_DEPLOYMENT_TARGET = 8.4;
				MTL_ENABLE_DEBUG_INFO = YES;
				ONLY_ACTIVE_ARCH = YES;
				SDKROOT = iphoneos;
			};
			name = Debug;
		};
		85DDCA4F1CFD20F4006A8520 /* Release */ = {
			isa = XCBuildConfiguration;
			buildSettings = {
				ALWAYS_SEARCH_USER_PATHS = NO;
				CLANG_CXX_LANGUAGE_STANDARD = "gnu++0x";
				CLANG_CXX_LIBRARY = "libc++";
				CLANG_ENABLE_MODULES = YES;
				CLANG_ENABLE_OBJC_ARC = YES;
				CLANG_WARN_BOOL_CONVERSION = YES;
				CLANG_WARN_CONSTANT_CONVERSION = YES;
				CLANG_WARN_DIRECT_OBJC_ISA_USAGE = YES_ERROR;
				CLANG_WARN_EMPTY_BODY = YES;
				CLANG_WARN_ENUM_CONVERSION = YES;
				CLANG_WARN_INT_CONVERSION = YES;
				CLANG_WARN_OBJC_ROOT_CLASS = YES_ERROR;
				CLANG_WARN_UNREACHABLE_CODE = YES;
				CLANG_WARN__DUPLICATE_METHOD_MATCH = YES;
				"CODE_SIGN_IDENTITY[sdk=iphoneos*]" = "iPhone Developer";
				COPY_PHASE_STRIP = NO;
				DEBUG_INFORMATION_FORMAT = "dwarf-with-dsym";
				ENABLE_NS_ASSERTIONS = NO;
				ENABLE_STRICT_OBJC_MSGSEND = YES;
				GCC_C_LANGUAGE_STANDARD = gnu99;
				GCC_NO_COMMON_BLOCKS = YES;
				GCC_WARN_64_TO_32_BIT_CONVERSION = YES;
				GCC_WARN_ABOUT_RETURN_TYPE = YES_ERROR;
				GCC_WARN_UNDECLARED_SELECTOR = YES;
				GCC_WARN_UNINITIALIZED_AUTOS = YES_AGGRESSIVE;
				GCC_WARN_UNUSED_FUNCTION = YES;
				GCC_WARN_UNUSED_VARIABLE = YES;
				IPHONEOS_DEPLOYMENT_TARGET = 8.4;
				MTL_ENABLE_DEBUG_INFO = NO;
				SDKROOT = iphoneos;
				VALIDATE_PRODUCT = YES;
			};
			name = Release;
		};
		85DDCA511CFD20F4006A8520 /* Debug */ = {
			isa = XCBuildConfiguration;
			buildSettings = {
				ASSETCATALOG_COMPILER_APPICON_NAME = AppIcon;
				INFOPLIST_FILE = GoT/Info.plist;
				IPHONEOS_DEPLOYMENT_TARGET = 8.1;
				LD_RUNPATH_SEARCH_PATHS = "$(inherited) @executable_path/Frameworks";
				PRODUCT_NAME = "$(TARGET_NAME)";
				TARGETED_DEVICE_FAMILY = 1;
			};
			name = Debug;
		};
		85DDCA521CFD20F4006A8520 /* Release */ = {
			isa = XCBuildConfiguration;
			buildSettings = {
				ASSETCATALOG_COMPILER_APPICON_NAME = AppIcon;
				INFOPLIST_FILE = GoT/Info.plist;
				IPHONEOS_DEPLOYMENT_TARGET = 8.1;
				LD_RUNPATH_SEARCH_PATHS = "$(inherited) @executable_path/Frameworks";
				PRODUCT_NAME = "$(TARGET_NAME)";
				TARGETED_DEVICE_FAMILY = 1;
			};
			name = Release;
		};
		85DDCA541CFD20F4006A8520 /* Debug */ = {
			isa = XCBuildConfiguration;
			buildSettings = {
				BUNDLE_LOADER = "$(TEST_HOST)";
				FRAMEWORK_SEARCH_PATHS = (
					"$(SDKROOT)/Developer/Library/Frameworks",
					"$(inherited)",
				);
				GCC_PREPROCESSOR_DEFINITIONS = (
					"DEBUG=1",
					"$(inherited)",
				);
				INFOPLIST_FILE = GoTTests/Info.plist;
				LD_RUNPATH_SEARCH_PATHS = "$(inherited) @executable_path/Frameworks @loader_path/Frameworks";
				PRODUCT_NAME = "$(TARGET_NAME)";
				TEST_HOST = "$(BUILT_PRODUCTS_DIR)/GoT.app/GoT";
			};
			name = Debug;
		};
		85DDCA551CFD20F4006A8520 /* Release */ = {
			isa = XCBuildConfiguration;
			buildSettings = {
				BUNDLE_LOADER = "$(TEST_HOST)";
				FRAMEWORK_SEARCH_PATHS = (
					"$(SDKROOT)/Developer/Library/Frameworks",
					"$(inherited)",
				);
				INFOPLIST_FILE = GoTTests/Info.plist;
				LD_RUNPATH_SEARCH_PATHS = "$(inherited) @executable_path/Frameworks @loader_path/Frameworks";
				PRODUCT_NAME = "$(TARGET_NAME)";
				TEST_HOST = "$(BUILT_PRODUCTS_DIR)/GoT.app/GoT";
			};
			name = Release;
		};
/* End XCBuildConfiguration section */

/* Begin XCConfigurationList section */
		85DDCA251CFD20F4006A8520 /* Build configuration list for PBXProject "GoT" */ = {
			isa = XCConfigurationList;
			buildConfigurations = (
				85DDCA4E1CFD20F4006A8520 /* Debug */,
				85DDCA4F1CFD20F4006A8520 /* Release */,
			);
			defaultConfigurationIsVisible = 0;
			defaultConfigurationName = Release;
		};
		85DDCA501CFD20F4006A8520 /* Build configuration list for PBXNativeTarget "GoT" */ = {
			isa = XCConfigurationList;
			buildConfigurations = (
				85DDCA511CFD20F4006A8520 /* Debug */,
				85DDCA521CFD20F4006A8520 /* Release */,
			);
			defaultConfigurationIsVisible = 0;
		};
		85DDCA531CFD20F4006A8520 /* Build configuration list for PBXNativeTarget "GoTTests" */ = {
			isa = XCConfigurationList;
			buildConfigurations = (
				85DDCA541CFD20F4006A8520 /* Debug */,
				85DDCA551CFD20F4006A8520 /* Release */,
			);
			defaultConfigurationIsVisible = 0;
		};
/* End XCConfigurationList section */

/* Begin XCVersionGroup section */
		85DDCA341CFD20F4006A8520 /* GoT.xcdatamodeld */ = {
			isa = XCVersionGroup;
			children = (
				85DDCA351CFD20F4006A8520 /* GoT.xcdatamodel */,
			);
			currentVersion = 85DDCA351CFD20F4006A8520 /* GoT.xcdatamodel */;
			path = GoT.xcdatamodeld;
			sourceTree = "<group>";
			versionGroupType = wrapper.xcdatamodel;
		};
/* End XCVersionGroup section */
	};
	rootObject = 85DDCA221CFD20F4006A8520 /* Project object */;
}
